
Microsoft Visual Studio Solution File, Format Version 12.00
# Visual Studio Version 16
VisualStudioVersion = 16.0.30907.101
MinimumVisualStudioVersion = 10.0.40219.1
Project("{8BC9CEB8-8B4A-11D0-8D11-00A0C91BC942}") = "Assignment_No_31.3", "Assignment_No_31.3\Assignment_No_31.3.vcxproj", "{7180B421-7F0A-4542-9565-9C17FA799B99}"
EndProject
Global
	GlobalSection(SolutionConfigurationPlatforms) = preSolution
		Debug|x64 = Debug|x64
		Debug|x86 = Debug|x86
		Release|x64 = Release|x64
		Release|x86 = Release|x86
	EndGlobalSection
	GlobalSection(ProjectConfigurationPlatforms) = postSolution
		{7180B421-7F0A-4542-9565-9C17FA799B99}.Debug|x64.ActiveCfg = Debug|x64
		{7180B421-7F0A-4542-9565-9C17FA799B99}.Debug|x64.Build.0 = Debug|x64
		{7180B421-7F0A-4542-9565-9C17FA799B99}.Debug|x86.ActiveCfg = Debug|Win32
		{7180B421-7F0A-4542-9565-9C17FA799B99}.Debug|x86.Build.0 = Debug|Win32
		{7180B421-7F0A-4542-9565-9C17FA799B99}.Release|x64.ActiveCfg = Release|x64
		{7180B421-7F0A-4542-9565-9C17FA799B99}.Release|x64.Build.0 = Release|x64
		{7180B421-7F0A-4542-9565-9C17FA799B99}.Release|x86.ActiveCfg = Release|Win32
		{7180B421-7F0A-4542-9565-9C17FA799B99}.Release|x86.Build.0 = Release|Win32
	EndGlobalSection
	GlobalSection(SolutionProperties) = preSolution
		HideSolutionNode = FALSE
	EndGlobalSection
	GlobalSection(ExtensibilityGlobals) = postSolution
		SolutionGuid = {D347BF1A-4B6D-4FE4-8E5C-D9C9637B91F5}
	EndGlobalSection
EndGlobal
